
Microsoft Visual Studio Solution File, Format Version 12.00
# Visual Studio 15
VisualStudioVersion = 15.0.25807.0
MinimumVisualStudioVersion = 10.0.40219.1
Project("{2150E333-8FDC-42A3-9474-1A3956D46DE8}") = "Engine", "Engine", "{129AB496-AE7C-423E-97F4-CECB53534714}"
EndProject
Project("{2150E333-8FDC-42A3-9474-1A3956D46DE8}") = "Games", "Games", "{1635FF3B-B574-466A-AA18-EF75CD2F2002}"
EndProject
Project("{8BC9CEB8-8B4A-11D0-8D11-00A0C91BC942}") = "UE4", "Intermediate\ProjectFiles\UE4.vcxproj", "{0AE5DD76-2279-4F32-BE03-281548D75E90}"
EndProject
Project("{8BC9CEB8-8B4A-11D0-8D11-00A0C91BC942}") = "BuildingEscape", "Intermediate\ProjectFiles\BuildingEscape.vcxproj", "{BD3F0917-0D19-4363-8E0C-64DF9C883426}"
EndProject
Global
	GlobalSection(SolutionConfigurationPlatforms) = preSolution
		DebugGame Editor|HTML5 = DebugGame Editor|HTML5
		DebugGame Editor|Win32 = DebugGame Editor|Win32
		DebugGame Editor|Win64 = DebugGame Editor|Win64
		DebugGame|HTML5 = DebugGame|HTML5
		DebugGame|Win32 = DebugGame|Win32
		DebugGame|Win64 = DebugGame|Win64
		Development Editor|HTML5 = Development Editor|HTML5
		Development Editor|Win32 = Development Editor|Win32
		Development Editor|Win64 = Development Editor|Win64
		Development|HTML5 = Development|HTML5
		Development|Win32 = Development|Win32
		Development|Win64 = Development|Win64
		Shipping|HTML5 = Shipping|HTML5
		Shipping|Win32 = Shipping|Win32
		Shipping|Win64 = Shipping|Win64
	EndGlobalSection
	GlobalSection(ProjectConfigurationPlatforms) = postSolution
		{0AE5DD76-2279-4F32-BE03-281548D75E90}.DebugGame Editor|HTML5.ActiveCfg = BuiltWithUnrealBuildTool|Win32
		{0AE5DD76-2279-4F32-BE03-281548D75E90}.DebugGame Editor|HTML5.Build.0 = BuiltWithUnrealBuildTool|Win32
		{0AE5DD76-2279-4F32-BE03-281548D75E90}.DebugGame Editor|Win32.ActiveCfg = BuiltWithUnrealBuildTool|Win32
		{0AE5DD76-2279-4F32-BE03-281548D75E90}.DebugGame Editor|Win32.Build.0 = BuiltWithUnrealBuildTool|Win32
		{0AE5DD76-2279-4F32-BE03-281548D75E90}.DebugGame Editor|Win64.ActiveCfg = BuiltWithUnrealBuildTool|Win32
		{0AE5DD76-2279-4F32-BE03-281548D75E90}.DebugGame Editor|Win64.Build.0 = BuiltWithUnrealBuildTool|Win32
		{0AE5DD76-2279-4F32-BE03-281548D75E90}.DebugGame|HTML5.ActiveCfg = BuiltWithUnrealBuildTool|Win32
		{0AE5DD76-2279-4F32-BE03-281548D75E90}.DebugGame|HTML5.Build.0 = BuiltWithUnrealBuildTool|Win32
		{0AE5DD76-2279-4F32-BE03-281548D75E90}.DebugGame|Win32.ActiveCfg = BuiltWithUnrealBuildTool|Win32
		{0AE5DD76-2279-4F32-BE03-281548D75E90}.DebugGame|Win32.Build.0 = BuiltWithUnrealBuildTool|Win32
		{0AE5DD76-2279-4F32-BE03-281548D75E90}.DebugGame|Win64.ActiveCfg = BuiltWithUnrealBuildTool|Win32
		{0AE5DD76-2279-4F32-BE03-281548D75E90}.DebugGame|Win64.Build.0 = BuiltWithUnrealBuildTool|Win32
		{0AE5DD76-2279-4F32-BE03-281548D75E90}.Development Editor|HTML5.ActiveCfg = BuiltWithUnrealBuildTool|Win32
		{0AE5DD76-2279-4F32-BE03-281548D75E90}.Development Editor|HTML5.Build.0 = BuiltWithUnrealBuildTool|Win32
		{0AE5DD76-2279-4F32-BE03-281548D75E90}.Development Editor|Win32.ActiveCfg = BuiltWithUnrealBuildTool|Win32
		{0AE5DD76-2279-4F32-BE03-281548D75E90}.Development Editor|Win32.Build.0 = BuiltWithUnrealBuildTool|Win32
		{0AE5DD76-2279-4F32-BE03-281548D75E90}.Development Editor|Win64.ActiveCfg = BuiltWithUnrealBuildTool|Win32
		{0AE5DD76-2279-4F32-BE03-281548D75E90}.Development Editor|Win64.Build.0 = BuiltWithUnrealBuildTool|Win32
		{0AE5DD76-2279-4F32-BE03-281548D75E90}.Development|HTML5.ActiveCfg = BuiltWithUnrealBuildTool|Win32
		{0AE5DD76-2279-4F32-BE03-281548D75E90}.Development|HTML5.Build.0 = BuiltWithUnrealBuildTool|Win32
		{0AE5DD76-2279-4F32-BE03-281548D75E90}.Development|Win32.ActiveCfg = BuiltWithUnrealBuildTool|Win32
		{0AE5DD76-2279-4F32-BE03-281548D75E90}.Development|Win32.Build.0 = BuiltWithUnrealBuildTool|Win32
		{0AE5DD76-2279-4F32-BE03-281548D75E90}.Development|Win64.ActiveCfg = BuiltWithUnrealBuildTool|Win32
		{0AE5DD76-2279-4F32-BE03-281548D75E90}.Development|Win64.Build.0 = BuiltWithUnrealBuildTool|Win32
		{0AE5DD76-2279-4F32-BE03-281548D75E90}.Shipping|HTML5.ActiveCfg = BuiltWithUnrealBuildTool|Win32
		{0AE5DD76-2279-4F32-BE03-281548D75E90}.Shipping|HTML5.Build.0 = BuiltWithUnrealBuildTool|Win32
		{0AE5DD76-2279-4F32-BE03-281548D75E90}.Shipping|Win32.ActiveCfg = BuiltWithUnrealBuildTool|Win32
		{0AE5DD76-2279-4F32-BE03-281548D75E90}.Shipping|Win32.Build.0 = BuiltWithUnrealBuildTool|Win32
		{0AE5DD76-2279-4F32-BE03-281548D75E90}.Shipping|Win64.ActiveCfg = BuiltWithUnrealBuildTool|Win32
		{0AE5DD76-2279-4F32-BE03-281548D75E90}.Shipping|Win64.Build.0 = BuiltWithUnrealBuildTool|Win32
		{BD3F0917-0D19-4363-8E0C-64DF9C883426}.DebugGame Editor|HTML5.ActiveCfg = HTML5_DebugGame_Editor|Win32
		{BD3F0917-0D19-4363-8E0C-64DF9C883426}.DebugGame Editor|Win32.ActiveCfg = DebugGame_Editor|Win32
		{BD3F0917-0D19-4363-8E0C-64DF9C883426}.DebugGame Editor|Win64.ActiveCfg = DebugGame_Editor|x64
		{BD3F0917-0D19-4363-8E0C-64DF9C883426}.DebugGame Editor|Win64.Build.0 = DebugGame_Editor|x64
		{BD3F0917-0D19-4363-8E0C-64DF9C883426}.DebugGame|HTML5.ActiveCfg = HTML5_DebugGame_Game|Win32
		{BD3F0917-0D19-4363-8E0C-64DF9C883426}.DebugGame|HTML5.Build.0 = HTML5_DebugGame_Game|Win32
		{BD3F0917-0D19-4363-8E0C-64DF9C883426}.DebugGame|Win32.ActiveCfg = DebugGame_Game|Win32
		{BD3F0917-0D19-4363-8E0C-64DF9C883426}.DebugGame|Win32.Build.0 = DebugGame_Game|Win32
		{BD3F0917-0D19-4363-8E0C-64DF9C883426}.DebugGame|Win64.ActiveCfg = DebugGame_Game|x64
		{BD3F0917-0D19-4363-8E0C-64DF9C883426}.DebugGame|Win64.Build.0 = DebugGame_Game|x64
		{BD3F0917-0D19-4363-8E0C-64DF9C883426}.Development Editor|HTML5.ActiveCfg = HTML5_Development_Editor|Win32
		{BD3F0917-0D19-4363-8E0C-64DF9C883426}.Development Editor|Win32.ActiveCfg = Development_Editor|Win32
		{BD3F0917-0D19-4363-8E0C-64DF9C883426}.Development Editor|Win64.ActiveCfg = Development_Editor|x64
		{BD3F0917-0D19-4363-8E0C-64DF9C883426}.Development Editor|Win64.Build.0 = Development_Editor|x64
		{BD3F0917-0D19-4363-8E0C-64DF9C883426}.Development|HTML5.ActiveCfg = HTML5_Development_Game|Win32
		{BD3F0917-0D19-4363-8E0C-64DF9C883426}.Development|HTML5.Build.0 = HTML5_Development_Game|Win32
		{BD3F0917-0D19-4363-8E0C-64DF9C883426}.Development|Win32.ActiveCfg = Development_Game|Win32
		{BD3F0917-0D19-4363-8E0C-64DF9C883426}.Development|Win32.Build.0 = Development_Game|Win32
		{BD3F0917-0D19-4363-8E0C-64DF9C883426}.Development|Win64.ActiveCfg = Development_Game|x64
		{BD3F0917-0D19-4363-8E0C-64DF9C883426}.Development|Win64.Build.0 = Development_Game|x64
		{BD3F0917-0D19-4363-8E0C-64DF9C883426}.Shipping|HTML5.ActiveCfg = HTML5_Shipping_Game|Win32
		{BD3F0917-0D19-4363-8E0C-64DF9C883426}.Shipping|HTML5.Build.0 = HTML5_Shipping_Game|Win32
		{BD3F0917-0D19-4363-8E0C-64DF9C883426}.Shipping|Win32.ActiveCfg = Shipping_Game|Win32
		{BD3F0917-0D19-4363-8E0C-64DF9C883426}.Shipping|Win32.Build.0 = Shipping_Game|Win32
		{BD3F0917-0D19-4363-8E0C-64DF9C883426}.Shipping|Win64.ActiveCfg = Shipping_Game|x64
		{BD3F0917-0D19-4363-8E0C-64DF9C883426}.Shipping|Win64.Build.0 = Shipping_Game|x64
	EndGlobalSection
	GlobalSection(SolutionProperties) = preSolution
		HideSolutionNode = FALSE
	EndGlobalSection
	GlobalSection(NestedProjects) = preSolution
		{0AE5DD76-2279-4F32-BE03-281548D75E90} = {129AB496-AE7C-423E-97F4-CECB53534714}
		{BD3F0917-0D19-4363-8E0C-64DF9C883426} = {1635FF3B-B574-466A-AA18-EF75CD2F2002}
	EndGlobalSection
	GlobalSection(ExtensibilityGlobals) = postSolution
		SolutionGuid = {F85665C0-5737-4656-BD59-CB91618AF828}
	EndGlobalSection
EndGlobal
